// !$*UTF8*$!
{
	archiveVersion = 1;
	classes = {
	};
	objectVersion = 51;
	objects = {

/* Begin PBXBuildFile section */
		3118280B25B591B600A66969 /* AppDelegate.swift in Sources */ = {isa = PBXBuildFile; fileRef = 3118280A25B591B600A66969 /* AppDelegate.swift */; };
		3118280D25B591B600A66969 /* SceneDelegate.swift in Sources */ = {isa = PBXBuildFile; fileRef = 3118280C25B591B600A66969 /* SceneDelegate.swift */; };
		3118280F25B591B600A66969 /* CalculateViewController.swift in Sources */ = {isa = PBXBuildFile; fileRef = 3118280E25B591B600A66969 /* CalculateViewController.swift */; };
		3118281225B591B600A66969 /* Main.storyboard in Resources */ = {isa = PBXBuildFile; fileRef = 3118281025B591B600A66969 /* Main.storyboard */; };
		3118281425B591BA00A66969 /* Assets.xcassets in Resources */ = {isa = PBXBuildFile; fileRef = 3118281325B591BA00A66969 /* Assets.xcassets */; };
		3118281725B591BA00A66969 /* LaunchScreen.storyboard in Resources */ = {isa = PBXBuildFile; fileRef = 3118281525B591BA00A66969 /* LaunchScreen.storyboard */; };
		3118283025B6EAFB00A66969 /* ResultsViewController.swift in Sources */ = {isa = PBXBuildFile; fileRef = 3118282F25B6EAFB00A66969 /* ResultsViewController.swift */; };
		3135B7A825BACC08009972AF /* WelcomeViewController.swift in Sources */ = {isa = PBXBuildFile; fileRef = 3135B7A725BACC08009972AF /* WelcomeViewController.swift */; };
		3135B7AD25BAD008009972AF /* RegisterViewController.swift in Sources */ = {isa = PBXBuildFile; fileRef = 3135B7AC25BAD008009972AF /* RegisterViewController.swift */; };
		314D0A7225C1930200EA3763 /* MenuViewController.swift in Sources */ = {isa = PBXBuildFile; fileRef = 314D0A7125C1930200EA3763 /* MenuViewController.swift */; };
		314D0A7725C193E800EA3763 /* MeasureViewController.swift in Sources */ = {isa = PBXBuildFile; fileRef = 314D0A7625C193E800EA3763 /* MeasureViewController.swift */; };
		31C3CEA825C384B2009A9F95 /* MeasureResultsViewController.swift in Sources */ = {isa = PBXBuildFile; fileRef = 31C3CEA725C384B2009A9F95 /* MeasureResultsViewController.swift */; };
		31C3CEAB25C7C001009A9F95 /* GoogleService-Info.plist in Resources */ = {isa = PBXBuildFile; fileRef = 31C3CEAA25C7C001009A9F95 /* GoogleService-Info.plist */; };
		DC1802387088D9B33D36C301 /* Pods_B_Fed.framework in Frameworks */ = {isa = PBXBuildFile; fileRef = CBDBDCEEAE2BD5552BCB06FF /* Pods_B_Fed.framework */; };
/* End PBXBuildFile section */

/* Begin PBXFileReference section */
		3118280725B591B500A66969 /* B-Fed.app */ = {isa = PBXFileReference; explicitFileType = wrapper.application; includeInIndex = 0; path = "B-Fed.app"; sourceTree = BUILT_PRODUCTS_DIR; };
		3118280A25B591B600A66969 /* AppDelegate.swift */ = {isa = PBXFileReference; lastKnownFileType = sourcecode.swift; path = AppDelegate.swift; sourceTree = "<group>"; };
		3118280C25B591B600A66969 /* SceneDelegate.swift */ = {isa = PBXFileReference; lastKnownFileType = sourcecode.swift; path = SceneDelegate.swift; sourceTree = "<group>"; };
		3118280E25B591B600A66969 /* CalculateViewController.swift */ = {isa = PBXFileReference; lastKnownFileType = sourcecode.swift; path = CalculateViewController.swift; sourceTree = "<group>"; };
		3118281125B591B600A66969 /* Base */ = {isa = PBXFileReference; lastKnownFileType = file.storyboard; name = Base; path = Base.lproj/Main.storyboard; sourceTree = "<group>"; };
		3118281325B591BA00A66969 /* Assets.xcassets */ = {isa = PBXFileReference; lastKnownFileType = folder.assetcatalog; path = Assets.xcassets; sourceTree = "<group>"; };
		3118281625B591BA00A66969 /* Base */ = {isa = PBXFileReference; lastKnownFileType = file.storyboard; name = Base; path = Base.lproj/LaunchScreen.storyboard; sourceTree = "<group>"; };
		3118281825B591BA00A66969 /* Info.plist */ = {isa = PBXFileReference; lastKnownFileType = text.plist.xml; path = Info.plist; sourceTree = "<group>"; };
		3118282F25B6EAFB00A66969 /* ResultsViewController.swift */ = {isa = PBXFileReference; lastKnownFileType = sourcecode.swift; path = ResultsViewController.swift; sourceTree = "<group>"; };
		3135B7A725BACC08009972AF /* WelcomeViewController.swift */ = {isa = PBXFileReference; lastKnownFileType = sourcecode.swift; path = WelcomeViewController.swift; sourceTree = "<group>"; };
		3135B7AC25BAD008009972AF /* RegisterViewController.swift */ = {isa = PBXFileReference; lastKnownFileType = sourcecode.swift; path = RegisterViewController.swift; sourceTree = "<group>"; };
		314D0A7125C1930200EA3763 /* MenuViewController.swift */ = {isa = PBXFileReference; lastKnownFileType = sourcecode.swift; path = MenuViewController.swift; sourceTree = "<group>"; };
		314D0A7625C193E800EA3763 /* MeasureViewController.swift */ = {isa = PBXFileReference; lastKnownFileType = sourcecode.swift; path = MeasureViewController.swift; sourceTree = "<group>"; };
		31C3CEA725C384B2009A9F95 /* MeasureResultsViewController.swift */ = {isa = PBXFileReference; lastKnownFileType = sourcecode.swift; path = MeasureResultsViewController.swift; sourceTree = "<group>"; };
		31C3CEAA25C7C001009A9F95 /* GoogleService-Info.plist */ = {isa = PBXFileReference; fileEncoding = 4; lastKnownFileType = text.plist.xml; path = "GoogleService-Info.plist"; sourceTree = "<group>"; };
		A4F1CD4D003A65DA657650D3 /* Pods-B-Fed.release.xcconfig */ = {isa = PBXFileReference; includeInIndex = 1; lastKnownFileType = text.xcconfig; name = "Pods-B-Fed.release.xcconfig"; path = "Target Support Files/Pods-B-Fed/Pods-B-Fed.release.xcconfig"; sourceTree = "<group>"; };
		B7A620780534E065511B1DD4 /* Pods-B-Fed.debug.xcconfig */ = {isa = PBXFileReference; includeInIndex = 1; lastKnownFileType = text.xcconfig; name = "Pods-B-Fed.debug.xcconfig"; path = "Target Support Files/Pods-B-Fed/Pods-B-Fed.debug.xcconfig"; sourceTree = "<group>"; };
		CBDBDCEEAE2BD5552BCB06FF /* Pods_B_Fed.framework */ = {isa = PBXFileReference; explicitFileType = wrapper.framework; includeInIndex = 0; path = Pods_B_Fed.framework; sourceTree = BUILT_PRODUCTS_DIR; };
/* End PBXFileReference section */

/* Begin PBXFrameworksBuildPhase section */
		3118280425B591B500A66969 /* Frameworks */ = {
			isa = PBXFrameworksBuildPhase;
			buildActionMask = 2147483647;
			files = (
				DC1802387088D9B33D36C301 /* Pods_B_Fed.framework in Frameworks */,
			);
			runOnlyForDeploymentPostprocessing = 0;
		};
/* End PBXFrameworksBuildPhase section */

/* Begin PBXGroup section */
		0C6056CA9967F0EADD0C1C9D /* Pods */ = {
			isa = PBXGroup;
			children = (
				B7A620780534E065511B1DD4 /* Pods-B-Fed.debug.xcconfig */,
				A4F1CD4D003A65DA657650D3 /* Pods-B-Fed.release.xcconfig */,
			);
			path = Pods;
			sourceTree = "<group>";
		};
		311827FE25B591B500A66969 = {
			isa = PBXGroup;
			children = (
				3118280925B591B600A66969 /* B-Fed */,
				3118280825B591B500A66969 /* Products */,
				0C6056CA9967F0EADD0C1C9D /* Pods */,
				D8DDC2A39F3AF210F4D7AABB /* Frameworks */,
			);
			sourceTree = "<group>";
		};
		3118280825B591B500A66969 /* Products */ = {
			isa = PBXGroup;
			children = (
				3118280725B591B500A66969 /* B-Fed.app */,
			);
			name = Products;
			sourceTree = "<group>";
		};
		3118280925B591B600A66969 /* B-Fed */ = {
			isa = PBXGroup;
			children = (
				3118280A25B591B600A66969 /* AppDelegate.swift */,
				3118280C25B591B600A66969 /* SceneDelegate.swift */,
				3118282625B6E42B00A66969 /* Models */,
				3118282725B6E43600A66969 /* Views */,
				3118282825B6E44300A66969 /* Controllers */,
				3118281325B591BA00A66969 /* Assets.xcassets */,
				3118281525B591BA00A66969 /* LaunchScreen.storyboard */,
				3118281825B591BA00A66969 /* Info.plist */,
				31C3CEAA25C7C001009A9F95 /* GoogleService-Info.plist */,
			);
			path = "B-Fed";
			sourceTree = "<group>";
		};
		3118282625B6E42B00A66969 /* Models */ = {
			isa = PBXGroup;
			children = (
			);
			path = Models;
			sourceTree = "<group>";
		};
		3118282725B6E43600A66969 /* Views */ = {
			isa = PBXGroup;
			children = (
				3118281025B591B600A66969 /* Main.storyboard */,
			);
			path = Views;
			sourceTree = "<group>";
		};
		3118282825B6E44300A66969 /* Controllers */ = {
			isa = PBXGroup;
			children = (
				3135B7A725BACC08009972AF /* WelcomeViewController.swift */,
				3135B7AC25BAD008009972AF /* RegisterViewController.swift */,
				314D0A7125C1930200EA3763 /* MenuViewController.swift */,
				3118280E25B591B600A66969 /* CalculateViewController.swift */,
				3118282F25B6EAFB00A66969 /* ResultsViewController.swift */,
				314D0A7625C193E800EA3763 /* MeasureViewController.swift */,
				31C3CEA725C384B2009A9F95 /* MeasureResultsViewController.swift */,
			);
			path = Controllers;
			sourceTree = "<group>";
		};
		D8DDC2A39F3AF210F4D7AABB /* Frameworks */ = {
			isa = PBXGroup;
			children = (
				CBDBDCEEAE2BD5552BCB06FF /* Pods_B_Fed.framework */,
			);
			name = Frameworks;
			sourceTree = "<group>";
		};
/* End PBXGroup section */

/* Begin PBXNativeTarget section */
		3118280625B591B500A66969 /* B-Fed */ = {
			isa = PBXNativeTarget;
			buildConfigurationList = 3118281B25B591BA00A66969 /* Build configuration list for PBXNativeTarget "B-Fed" */;
			buildPhases = (
				4E3811671A6FC837ECBF7068 /* [CP] Check Pods Manifest.lock */,
				3118280325B591B500A66969 /* Sources */,
				3118280425B591B500A66969 /* Frameworks */,
				3118280525B591B500A66969 /* Resources */,
				628FEBFE2A83E29A9D477694 /* [CP] Embed Pods Frameworks */,
			);
			buildRules = (
			);
			dependencies = (
			);
			name = "B-Fed";
			productName = "B-Fed";
			productReference = 3118280725B591B500A66969 /* B-Fed.app */;
			productType = "com.apple.product-type.application";
		};
/* End PBXNativeTarget section */

/* Begin PBXProject section */
		311827FF25B591B500A66969 /* Project object */ = {
			isa = PBXProject;
			attributes = {
				LastSwiftUpdateCheck = 1230;
				LastUpgradeCheck = 1230;
				TargetAttributes = {
					3118280625B591B500A66969 = {
						CreatedOnToolsVersion = 12.3;
					};
				};
			};
			buildConfigurationList = 3118280225B591B500A66969 /* Build configuration list for PBXProject "B-Fed" */;
			compatibilityVersion = "Xcode 10.0";
			developmentRegion = en;
			hasScannedForEncodings = 0;
			knownRegions = (
				en,
				Base,
			);
			mainGroup = 311827FE25B591B500A66969;
			productRefGroup = 3118280825B591B500A66969 /* Products */;
			projectDirPath = "";
			projectRoot = "";
			targets = (
				3118280625B591B500A66969 /* B-Fed */,
			);
		};
/* End PBXProject section */

/* Begin PBXResourcesBuildPhase section */
		3118280525B591B500A66969 /* Resources */ = {
			isa = PBXResourcesBuildPhase;
			buildActionMask = 2147483647;
			files = (
				3118281725B591BA00A66969 /* LaunchScreen.storyboard in Resources */,
				31C3CEAB25C7C001009A9F95 /* GoogleService-Info.plist in Resources */,
				3118281425B591BA00A66969 /* Assets.xcassets in Resources */,
				3118281225B591B600A66969 /* Main.storyboard in Resources */,
			);
			runOnlyForDeploymentPostprocessing = 0;
		};
/* End PBXResourcesBuildPhase section */

/* Begin PBXShellScriptBuildPhase section */
		4E3811671A6FC837ECBF7068 /* [CP] Check Pods Manifest.lock */ = {
			isa = PBXShellScriptBuildPhase;
			buildActionMask = 2147483647;
			files = (
			);
			inputFileListPaths = (
			);
			inputPaths = (
				"${PODS_PODFILE_DIR_PATH}/Podfile.lock",
				"${PODS_ROOT}/Manifest.lock",
			);
			name = "[CP] Check Pods Manifest.lock";
			outputFileListPaths = (
			);
			outputPaths = (
				"$(DERIVED_FILE_DIR)/Pods-B-Fed-checkManifestLockResult.txt",
			);
			runOnlyForDeploymentPostprocessing = 0;
			shellPath = /bin/sh;
			shellScript = "diff \"${PODS_PODFILE_DIR_PATH}/Podfile.lock\" \"${PODS_ROOT}/Manifest.lock\" > /dev/null\nif [ $? != 0 ] ; then\n    # print error to STDERR\n    echo \"error: The sandbox is not in sync with the Podfile.lock. Run 'pod install' or update your CocoaPods installation.\" >&2\n    exit 1\nfi\n# This output is used by Xcode 'outputs' to avoid re-running this script phase.\necho \"SUCCESS\" > \"${SCRIPT_OUTPUT_FILE_0}\"\n";
			showEnvVarsInLog = 0;
		};
		628FEBFE2A83E29A9D477694 /* [CP] Embed Pods Frameworks */ = {
			isa = PBXShellScriptBuildPhase;
			buildActionMask = 2147483647;
			files = (
			);
			inputFileListPaths = (
				"${PODS_ROOT}/Target Support Files/Pods-B-Fed/Pods-B-Fed-frameworks-${CONFIGURATION}-input-files.xcfilelist",
			);
			name = "[CP] Embed Pods Frameworks";
			outputFileListPaths = (
				"${PODS_ROOT}/Target Support Files/Pods-B-Fed/Pods-B-Fed-frameworks-${CONFIGURATION}-output-files.xcfilelist",
			);
			runOnlyForDeploymentPostprocessing = 0;
			shellPath = /bin/sh;
			shellScript = "\"${PODS_ROOT}/Target Support Files/Pods-B-Fed/Pods-B-Fed-frameworks.sh\"\n";
			showEnvVarsInLog = 0;
		};
/* End PBXShellScriptBuildPhase section */

/* Begin PBXSourcesBuildPhase section */
		3118280325B591B500A66969 /* Sources */ = {
			isa = PBXSourcesBuildPhase;
			buildActionMask = 2147483647;
			files = (
				31C3CEA825C384B2009A9F95 /* MeasureResultsViewController.swift in Sources */,
				3118283025B6EAFB00A66969 /* ResultsViewController.swift in Sources */,
				3135B7A825BACC08009972AF /* WelcomeViewController.swift in Sources */,
				3118280F25B591B600A66969 /* CalculateViewController.swift in Sources */,
				3135B7AD25BAD008009972AF /* RegisterViewController.swift in Sources */,
				3118280B25B591B600A66969 /* AppDelegate.swift in Sources */,
				314D0A7725C193E800EA3763 /* MeasureViewController.swift in Sources */,
				3118280D25B591B600A66969 /* SceneDelegate.swift in Sources */,
				314D0A7225C1930200EA3763 /* MenuViewController.swift in Sources */,
			);
			runOnlyForDeploymentPostprocessing = 0;
		};
/* End PBXSourcesBuildPhase section */

/* Begin PBXVariantGroup section */
		3118281025B591B600A66969 /* Main.storyboard */ = {
			isa = PBXVariantGroup;
			children = (
				3118281125B591B600A66969 /* Base */,
			);
			name = Main.storyboard;
			sourceTree = "<group>";
		};
		3118281525B591BA00A66969 /* LaunchScreen.storyboard */ = {
			isa = PBXVariantGroup;
			children = (
				3118281625B591BA00A66969 /* Base */,
			);
			name = LaunchScreen.storyboard;
			sourceTree = "<group>";
		};
/* End PBXVariantGroup section */

/* Begin XCBuildConfiguration section */
		3118281925B591BA00A66969 /* Debug */ = {
			isa = XCBuildConfiguration;
			buildSettings = {
				ALWAYS_SEARCH_USER_PATHS = NO;
				CLANG_ANALYZER_NONNULL = YES;
				CLANG_ANALYZER_NUMBER_OBJECT_CONVERSION = YES_AGGRESSIVE;
				CLANG_CXX_LANGUAGE_STANDARD = "gnu++14";
				CLANG_CXX_LIBRARY = "libc++";
				CLANG_ENABLE_MODULES = YES;
				CLANG_ENABLE_OBJC_ARC = YES;
				CLANG_ENABLE_OBJC_WEAK = YES;
				CLANG_WARN_BLOCK_CAPTURE_AUTORELEASING = YES;
				CLANG_WARN_BOOL_CONVERSION = YES;
				CLANG_WARN_COMMA = YES;
				CLANG_WARN_CONSTANT_CONVERSION = YES;
				CLANG_WARN_DEPRECATED_OBJC_IMPLEMENTATIONS = YES;
				CLANG_WARN_DIRECT_OBJC_ISA_USAGE = YES_ERROR;
				CLANG_WARN_DOCUMENTATION_COMMENTS = YES;
				CLANG_WARN_EMPTY_BODY = YES;
				CLANG_WARN_ENUM_CONVERSION = YES;
				CLANG_WARN_INFINITE_RECURSION = YES;
				CLANG_WARN_INT_CONVERSION = YES;
				CLANG_WARN_NON_LITERAL_NULL_CONVERSION = YES;
				CLANG_WARN_OBJC_IMPLICIT_RETAIN_SELF = YES;
				CLANG_WARN_OBJC_LITERAL_CONVERSION = YES;
				CLANG_WARN_OBJC_ROOT_CLASS = YES_ERROR;
				CLANG_WARN_QUOTED_INCLUDE_IN_FRAMEWORK_HEADER = YES;
				CLANG_WARN_RANGE_LOOP_ANALYSIS = YES;
				CLANG_WARN_STRICT_PROTOTYPES = YES;
				CLANG_WARN_SUSPICIOUS_MOVE = YES;
				CLANG_WARN_UNGUARDED_AVAILABILITY = YES_AGGRESSIVE;
				CLANG_WARN_UNREACHABLE_CODE = YES;
				CLANG_WARN__DUPLICATE_METHOD_MATCH = YES;
				COPY_PHASE_STRIP = NO;
				DEBUG_INFORMATION_FORMAT = dwarf;
				ENABLE_STRICT_OBJC_MSGSEND = YES;
				ENABLE_TESTABILITY = YES;
				GCC_C_LANGUAGE_STANDARD = gnu11;
				GCC_DYNAMIC_NO_PIC = NO;
				GCC_NO_COMMON_BLOCKS = YES;
				GCC_OPTIMIZATION_LEVEL = 0;
				GCC_PREPROCESSOR_DEFINITIONS = (
					"DEBUG=1",
					"$(inherited)",
				);
				GCC_WARN_64_TO_32_BIT_CONVERSION = YES;
				GCC_WARN_ABOUT_RETURN_TYPE = YES_ERROR;
				GCC_WARN_UNDECLARED_SELECTOR = YES;
				GCC_WARN_UNINITIALIZED_AUTOS = YES_AGGRESSIVE;
				GCC_WARN_UNUSED_FUNCTION = YES;
				GCC_WARN_UNUSED_VARIABLE = YES;
				IPHONEOS_DEPLOYMENT_TARGET = 14.3;
				MTL_ENABLE_DEBUG_INFO = INCLUDE_SOURCE;
				MTL_FAST_MATH = YES;
				ONLY_ACTIVE_ARCH = YES;
				SDKROOT = iphoneos;
				SWIFT_ACTIVE_COMPILATION_CONDITIONS = DEBUG;
				SWIFT_OPTIMIZATION_LEVEL = "-Onone";
			};
			name = Debug;
		};
		3118281A25B591BA00A66969 /* Release */ = {
			isa = XCBuildConfiguration;
			buildSettings = {
				ALWAYS_SEARCH_USER_PATHS = NO;
				CLANG_ANALYZER_NONNULL = YES;
				CLANG_ANALYZER_NUMBER_OBJECT_CONVERSION = YES_AGGRESSIVE;
				CLANG_CXX_LANGUAGE_STANDARD = "gnu++14";
				CLANG_CXX_LIBRARY = "libc++";
				CLANG_ENABLE_MODULES = YES;
				CLANG_ENABLE_OBJC_ARC = YES;
				CLANG_ENABLE_OBJC_WEAK = YES;
				CLANG_WARN_BLOCK_CAPTURE_AUTORELEASING = YES;
				CLANG_WARN_BOOL_CONVERSION = YES;
				CLANG_WARN_COMMA = YES;
				CLANG_WARN_CONSTANT_CONVERSION = YES;
				CLANG_WARN_DEPRECATED_OBJC_IMPLEMENTATIONS = YES;
				CLANG_WARN_DIRECT_OBJC_ISA_USAGE = YES_ERROR;
				CLANG_WARN_DOCUMENTATION_COMMENTS = YES;
				CLANG_WARN_EMPTY_BODY = YES;
				CLANG_WARN_ENUM_CONVERSION = YES;
				CLANG_WARN_INFINITE_RECURSION = YES;
				CLANG_WARN_INT_CONVERSION = YES;
				CLANG_WARN_NON_LITERAL_NULL_CONVERSION = YES;
				CLANG_WARN_OBJC_IMPLICIT_RETAIN_SELF = YES;
				CLANG_WARN_OBJC_LITERAL_CONVERSION = YES;
				CLANG_WARN_OBJC_ROOT_CLASS = YES_ERROR;
				CLANG_WARN_QUOTED_INCLUDE_IN_FRAMEWORK_HEADER = YES;
				CLANG_WARN_RANGE_LOOP_ANALYSIS = YES;
				CLANG_WARN_STRICT_PROTOTYPES = YES;
				CLANG_WARN_SUSPICIOUS_MOVE = YES;
				CLANG_WARN_UNGUARDED_AVAILABILITY = YES_AGGRESSIVE;
				CLANG_WARN_UNREACHABLE_CODE = YES;
				CLANG_WARN__DUPLICATE_METHOD_MATCH = YES;
				COPY_PHASE_STRIP = NO;
				DEBUG_INFORMATION_FORMAT = "dwarf-with-dsym";
				ENABLE_NS_ASSERTIONS = NO;
				ENABLE_STRICT_OBJC_MSGSEND = YES;
				GCC_C_LANGUAGE_STANDARD = gnu11;
				GCC_NO_COMMON_BLOCKS = YES;
				GCC_WARN_64_TO_32_BIT_CONVERSION = YES;
				GCC_WARN_ABOUT_RETURN_TYPE = YES_ERROR;
				GCC_WARN_UNDECLARED_SELECTOR = YES;
				GCC_WARN_UNINITIALIZED_AUTOS = YES_AGGRESSIVE;
				GCC_WARN_UNUSED_FUNCTION = YES;
				GCC_WARN_UNUSED_VARIABLE = YES;
				IPHONEOS_DEPLOYMENT_TARGET = 14.3;
				MTL_ENABLE_DEBUG_INFO = NO;
				MTL_FAST_MATH = YES;
				SDKROOT = iphoneos;
				SWIFT_COMPILATION_MODE = wholemodule;
				SWIFT_OPTIMIZATION_LEVEL = "-O";
				VALIDATE_PRODUCT = YES;
			};
			name = Release;
		};
		3118281C25B591BA00A66969 /* Debug */ = {
			isa = XCBuildConfiguration;
			baseConfigurationReference = B7A620780534E065511B1DD4 /* Pods-B-Fed.debug.xcconfig */;
			buildSettings = {
				ASSETCATALOG_COMPILER_APPICON_NAME = AppIcon;
				ASSETCATALOG_COMPILER_GLOBAL_ACCENT_COLOR_NAME = AccentColor;
				CODE_SIGN_STYLE = Automatic;
				DEVELOPMENT_TEAM = V4N683XCV6;
				INFOPLIST_FILE = "B-Fed/Info.plist";
				LD_RUNPATH_SEARCH_PATHS = (
					"$(inherited)",
					"@executable_path/Frameworks",
				);
				PRODUCT_BUNDLE_IDENTIFIER = "com.jodyclelland.B-Fed";
				PRODUCT_NAME = "$(TARGET_NAME)";
				SWIFT_VERSION = 5.0;
				TARGETED_DEVICE_FAMILY = "1,2";
			};
			name = Debug;
		};
		3118281D25B591BA00A66969 /* Release */ = {
			isa = XCBuildConfiguration;
			baseConfigurationReference = A4F1CD4D003A65DA657650D3 /* Pods-B-Fed.release.xcconfig */;
			buildSettings = {
				ASSETCATALOG_COMPILER_APPICON_NAME = AppIcon;
				ASSETCATALOG_COMPILER_GLOBAL_ACCENT_COLOR_NAME = AccentColor;
				CODE_SIGN_STYLE = Automatic;
				DEVELOPMENT_TEAM = V4N683XCV6;
				INFOPLIST_FILE = "B-Fed/Info.plist";
				LD_RUNPATH_SEARCH_PATHS = (
					"$(inherited)",
					"@executable_path/Frameworks",
				);
				PRODUCT_BUNDLE_IDENTIFIER = "com.jodyclelland.B-Fed";
				PRODUCT_NAME = "$(TARGET_NAME)";
				SWIFT_VERSION = 5.0;
				TARGETED_DEVICE_FAMILY = "1,2";
			};
			name = Release;
		};
/* End XCBuildConfiguration section */

/* Begin XCConfigurationList section */
		3118280225B591B500A66969 /* Build configuration list for PBXProject "B-Fed" */ = {
			isa = XCConfigurationList;
			buildConfigurations = (
				3118281925B591BA00A66969 /* Debug */,
				3118281A25B591BA00A66969 /* Release */,
			);
			defaultConfigurationIsVisible = 0;
			defaultConfigurationName = Release;
		};
		3118281B25B591BA00A66969 /* Build configuration list for PBXNativeTarget "B-Fed" */ = {
			isa = XCConfigurationList;
			buildConfigurations = (
				3118281C25B591BA00A66969 /* Debug */,
				3118281D25B591BA00A66969 /* Release */,
			);
			defaultConfigurationIsVisible = 0;
			defaultConfigurationName = Release;
		};
/* End XCConfigurationList section */
	};
	rootObject = 311827FF25B591B500A66969 /* Project object */;
}
